// !$*UTF8*$!
{
	archiveVersion = 1;
	classes = {
	};
	objectVersion = 51;
	objects = {

/* Begin PBXBuildFile section */
		793E0C7222C0843800B8BE93 /* AppDelegate.swift in Sources */ = {isa = PBXBuildFile; fileRef = 793E0C7122C0843800B8BE93 /* AppDelegate.swift */; };
		793E0C7922C0843900B8BE93 /* Assets.xcassets in Resources */ = {isa = PBXBuildFile; fileRef = 793E0C7822C0843900B8BE93 /* Assets.xcassets */; };
		793E0C7C22C0843900B8BE93 /* LaunchScreen.storyboard in Resources */ = {isa = PBXBuildFile; fileRef = 793E0C7A22C0843900B8BE93 /* LaunchScreen.storyboard */; };
		793E0C8422C085A600B8BE93 /* MainViewController.swift in Sources */ = {isa = PBXBuildFile; fileRef = 793E0C8322C085A600B8BE93 /* MainViewController.swift */; };
		793E0C8622C0864900B8BE93 /* MainReactor.swift in Sources */ = {isa = PBXBuildFile; fileRef = 793E0C8522C0864900B8BE93 /* MainReactor.swift */; };
		978AA90519EE1379E2278350 /* Pods_ReactorKitPractice.framework in Frameworks */ = {isa = PBXBuildFile; fileRef = 3B15C5BC87FB1FE375DC957F /* Pods_ReactorKitPractice.framework */; };
/* End PBXBuildFile section */

/* Begin PBXFileReference section */
		388002453AACCFE863BA355B /* Pods-ReactorKitPractice.release.xcconfig */ = {isa = PBXFileReference; includeInIndex = 1; lastKnownFileType = text.xcconfig; name = "Pods-ReactorKitPractice.release.xcconfig"; path = "Target Support Files/Pods-ReactorKitPractice/Pods-ReactorKitPractice.release.xcconfig"; sourceTree = "<group>"; };
		3B15C5BC87FB1FE375DC957F /* Pods_ReactorKitPractice.framework */ = {isa = PBXFileReference; explicitFileType = wrapper.framework; includeInIndex = 0; path = Pods_ReactorKitPractice.framework; sourceTree = BUILT_PRODUCTS_DIR; };
		3DE0B2236B9956ACDCE1854A /* Pods-ReactorKitPractice.debug.xcconfig */ = {isa = PBXFileReference; includeInIndex = 1; lastKnownFileType = text.xcconfig; name = "Pods-ReactorKitPractice.debug.xcconfig"; path = "Target Support Files/Pods-ReactorKitPractice/Pods-ReactorKitPractice.debug.xcconfig"; sourceTree = "<group>"; };
		793E0C6E22C0843800B8BE93 /* ReactorKitPractice.app */ = {isa = PBXFileReference; explicitFileType = wrapper.application; includeInIndex = 0; path = ReactorKitPractice.app; sourceTree = BUILT_PRODUCTS_DIR; };
		793E0C7122C0843800B8BE93 /* AppDelegate.swift */ = {isa = PBXFileReference; lastKnownFileType = sourcecode.swift; path = AppDelegate.swift; sourceTree = "<group>"; };
		793E0C7822C0843900B8BE93 /* Assets.xcassets */ = {isa = PBXFileReference; lastKnownFileType = folder.assetcatalog; path = Assets.xcassets; sourceTree = "<group>"; };
		793E0C7B22C0843900B8BE93 /* Base */ = {isa = PBXFileReference; lastKnownFileType = file.storyboard; name = Base; path = Base.lproj/LaunchScreen.storyboard; sourceTree = "<group>"; };
		793E0C7D22C0843900B8BE93 /* Info.plist */ = {isa = PBXFileReference; lastKnownFileType = text.plist.xml; path = Info.plist; sourceTree = "<group>"; };
		793E0C8322C085A600B8BE93 /* MainViewController.swift */ = {isa = PBXFileReference; fileEncoding = 4; lastKnownFileType = sourcecode.swift; path = MainViewController.swift; sourceTree = "<group>"; };
		793E0C8522C0864900B8BE93 /* MainReactor.swift */ = {isa = PBXFileReference; lastKnownFileType = sourcecode.swift; path = MainReactor.swift; sourceTree = "<group>"; };
/* End PBXFileReference section */

/* Begin PBXFrameworksBuildPhase section */
		793E0C6B22C0843800B8BE93 /* Frameworks */ = {
			isa = PBXFrameworksBuildPhase;
			buildActionMask = 2147483647;
			files = (
				978AA90519EE1379E2278350 /* Pods_ReactorKitPractice.framework in Frameworks */,
			);
			runOnlyForDeploymentPostprocessing = 0;
		};
/* End PBXFrameworksBuildPhase section */

/* Begin PBXGroup section */
		215B5AB98500F79ACE356787 /* Pods */ = {
			isa = PBXGroup;
			children = (
				3DE0B2236B9956ACDCE1854A /* Pods-ReactorKitPractice.debug.xcconfig */,
				388002453AACCFE863BA355B /* Pods-ReactorKitPractice.release.xcconfig */,
			);
			path = Pods;
			sourceTree = "<group>";
		};
		793E0C6522C0843800B8BE93 = {
			isa = PBXGroup;
			children = (
				793E0C7022C0843800B8BE93 /* ReactorKitPractice */,
				793E0C6F22C0843800B8BE93 /* Products */,
				215B5AB98500F79ACE356787 /* Pods */,
				8105275B162333950CB821A6 /* Frameworks */,
			);
			sourceTree = "<group>";
		};
		793E0C6F22C0843800B8BE93 /* Products */ = {
			isa = PBXGroup;
			children = (
				793E0C6E22C0843800B8BE93 /* ReactorKitPractice.app */,
			);
			name = Products;
			sourceTree = "<group>";
		};
		793E0C7022C0843800B8BE93 /* ReactorKitPractice */ = {
			isa = PBXGroup;
			children = (
				793E0C7122C0843800B8BE93 /* AppDelegate.swift */,
				793E0C8322C085A600B8BE93 /* MainViewController.swift */,
				793E0C8522C0864900B8BE93 /* MainReactor.swift */,
				793E0C7822C0843900B8BE93 /* Assets.xcassets */,
				793E0C7A22C0843900B8BE93 /* LaunchScreen.storyboard */,
				793E0C7D22C0843900B8BE93 /* Info.plist */,
			);
			path = ReactorKitPractice;
			sourceTree = "<group>";
		};
		8105275B162333950CB821A6 /* Frameworks */ = {
			isa = PBXGroup;
			children = (
				3B15C5BC87FB1FE375DC957F /* Pods_ReactorKitPractice.framework */,
			);
			name = Frameworks;
			sourceTree = "<group>";
		};
/* End PBXGroup section */

/* Begin PBXNativeTarget section */
		793E0C6D22C0843800B8BE93 /* ReactorKitPractice */ = {
			isa = PBXNativeTarget;
			buildConfigurationList = 793E0C8022C0843900B8BE93 /* Build configuration list for PBXNativeTarget "ReactorKitPractice" */;
			buildPhases = (
				493837A3A2F6BA091DD2B1A8 /* [CP] Check Pods Manifest.lock */,
				793E0C6A22C0843800B8BE93 /* Sources */,
				793E0C6B22C0843800B8BE93 /* Frameworks */,
				793E0C6C22C0843800B8BE93 /* Resources */,
				1053DA56B2C9C54BC33A85FF /* [CP] Embed Pods Frameworks */,
			);
			buildRules = (
			);
			dependencies = (
			);
			name = ReactorKitPractice;
			productName = ReactorKitPractice;
			productReference = 793E0C6E22C0843800B8BE93 /* ReactorKitPractice.app */;
			productType = "com.apple.product-type.application";
		};
/* End PBXNativeTarget section */

/* Begin PBXProject section */
		793E0C6622C0843800B8BE93 /* Project object */ = {
			isa = PBXProject;
			attributes = {
				LastSwiftUpdateCheck = 1020;
				LastUpgradeCheck = 1020;
				ORGANIZATIONNAME = "richard oh";
				TargetAttributes = {
					793E0C6D22C0843800B8BE93 = {
						CreatedOnToolsVersion = 10.2.1;
					};
				};
			};
			buildConfigurationList = 793E0C6922C0843800B8BE93 /* Build configuration list for PBXProject "ReactorKitPractice" */;
			compatibilityVersion = "Xcode 9.3";
			developmentRegion = en;
			hasScannedForEncodings = 0;
			knownRegions = (
				en,
				Base,
			);
			mainGroup = 793E0C6522C0843800B8BE93;
			productRefGroup = 793E0C6F22C0843800B8BE93 /* Products */;
			projectDirPath = "";
			projectRoot = "";
			targets = (
				793E0C6D22C0843800B8BE93 /* ReactorKitPractice */,
			);
		};
/* End PBXProject section */

/* Begin PBXResourcesBuildPhase section */
		793E0C6C22C0843800B8BE93 /* Resources */ = {
			isa = PBXResourcesBuildPhase;
			buildActionMask = 2147483647;
			files = (
				793E0C7C22C0843900B8BE93 /* LaunchScreen.storyboard in Resources */,
				793E0C7922C0843900B8BE93 /* Assets.xcassets in Resources */,
			);
			runOnlyForDeploymentPostprocessing = 0;
		};
/* End PBXResourcesBuildPhase section */

/* Begin PBXShellScriptBuildPhase section */
		1053DA56B2C9C54BC33A85FF /* [CP] Embed Pods Frameworks */ = {
			isa = PBXShellScriptBuildPhase;
			buildActionMask = 2147483647;
			files = (
			);
			inputFileListPaths = (
				"${PODS_ROOT}/Target Support Files/Pods-ReactorKitPractice/Pods-ReactorKitPractice-frameworks-${CONFIGURATION}-input-files.xcfilelist",
			);
			name = "[CP] Embed Pods Frameworks";
			outputFileListPaths = (
				"${PODS_ROOT}/Target Support Files/Pods-ReactorKitPractice/Pods-ReactorKitPractice-frameworks-${CONFIGURATION}-output-files.xcfilelist",
			);
			runOnlyForDeploymentPostprocessing = 0;
			shellPath = /bin/sh;
			shellScript = "\"${PODS_ROOT}/Target Support Files/Pods-ReactorKitPractice/Pods-ReactorKitPractice-frameworks.sh\"\n";
			showEnvVarsInLog = 0;
		};
		493837A3A2F6BA091DD2B1A8 /* [CP] Check Pods Manifest.lock */ = {
			isa = PBXShellScriptBuildPhase;
			buildActionMask = 2147483647;
			files = (
			);
			inputFileListPaths = (
			);
			inputPaths = (
				"${PODS_PODFILE_DIR_PATH}/Podfile.lock",
				"${PODS_ROOT}/Manifest.lock",
			);
			name = "[CP] Check Pods Manifest.lock";
			outputFileListPaths = (
			);
			outputPaths = (
				"$(DERIVED_FILE_DIR)/Pods-ReactorKitPractice-checkManifestLockResult.txt",
			);
			runOnlyForDeploymentPostprocessing = 0;
			shellPath = /bin/sh;
			shellScript = "diff \"${PODS_PODFILE_DIR_PATH}/Podfile.lock\" \"${PODS_ROOT}/Manifest.lock\" > /dev/null\nif [ $? != 0 ] ; then\n    # print error to STDERR\n    echo \"error: The sandbox is not in sync with the Podfile.lock. Run 'pod install' or update your CocoaPods installation.\" >&2\n    exit 1\nfi\n# This output is used by Xcode 'outputs' to avoid re-running this script phase.\necho \"SUCCESS\" > \"${SCRIPT_OUTPUT_FILE_0}\"\n";
			showEnvVarsInLog = 0;
		};
/* End PBXShellScriptBuildPhase section */

/* Begin PBXSourcesBuildPhase section */
		793E0C6A22C0843800B8BE93 /* Sources */ = {
			isa = PBXSourcesBuildPhase;
			buildActionMask = 2147483647;
			files = (
				793E0C8422C085A600B8BE93 /* MainViewController.swift in Sources */,
				793E0C8622C0864900B8BE93 /* MainReactor.swift in Sources */,
				793E0C7222C0843800B8BE93 /* AppDelegate.swift in Sources */,
			);
			runOnlyForDeploymentPostprocessing = 0;
		};
/* End PBXSourcesBuildPhase section */

/* Begin PBXVariantGroup section */
		793E0C7A22C0843900B8BE93 /* LaunchScreen.storyboard */ = {
			isa = PBXVariantGroup;
			children = (
				793E0C7B22C0843900B8BE93 /* Base */,
			);
			name = LaunchScreen.storyboard;
			sourceTree = "<group>";
		};
/* End PBXVariantGroup section */

/* Begin XCBuildConfiguration section */
		793E0C7E22C0843900B8BE93 /* Debug */ = {
			isa = XCBuildConfiguration;
			buildSettings = {
				ALWAYS_SEARCH_USER_PATHS = NO;
				CLANG_ANALYZER_NONNULL = YES;
				CLANG_ANALYZER_NUMBER_OBJECT_CONVERSION = YES_AGGRESSIVE;
				CLANG_CXX_LANGUAGE_STANDARD = "gnu++14";
				CLANG_CXX_LIBRARY = "libc++";
				CLANG_ENABLE_MODULES = YES;
				CLANG_ENABLE_OBJC_ARC = YES;
				CLANG_ENABLE_OBJC_WEAK = YES;
				CLANG_WARN_BLOCK_CAPTURE_AUTORELEASING = YES;
				CLANG_WARN_BOOL_CONVERSION = YES;
				CLANG_WARN_COMMA = YES;
				CLANG_WARN_CONSTANT_CONVERSION = YES;
				CLANG_WARN_DEPRECATED_OBJC_IMPLEMENTATIONS = YES;
				CLANG_WARN_DIRECT_OBJC_ISA_USAGE = YES_ERROR;
				CLANG_WARN_DOCUMENTATION_COMMENTS = YES;
				CLANG_WARN_EMPTY_BODY = YES;
				CLANG_WARN_ENUM_CONVERSION = YES;
				CLANG_WARN_INFINITE_RECURSION = YES;
				CLANG_WARN_INT_CONVERSION = YES;
				CLANG_WARN_NON_LITERAL_NULL_CONVERSION = YES;
				CLANG_WARN_OBJC_IMPLICIT_RETAIN_SELF = YES;
				CLANG_WARN_OBJC_LITERAL_CONVERSION = YES;
				CLANG_WARN_OBJC_ROOT_CLASS = YES_ERROR;
				CLANG_WARN_RANGE_LOOP_ANALYSIS = YES;
				CLANG_WARN_STRICT_PROTOTYPES = YES;
				CLANG_WARN_SUSPICIOUS_MOVE = YES;
				CLANG_WARN_UNGUARDED_AVAILABILITY = YES_AGGRESSIVE;
				CLANG_WARN_UNREACHABLE_CODE = YES;
				CLANG_WARN__DUPLICATE_METHOD_MATCH = YES;
				CODE_SIGN_IDENTITY = "iPhone Developer";
				COPY_PHASE_STRIP = NO;
				DEBUG_INFORMATION_FORMAT = dwarf;
				ENABLE_STRICT_OBJC_MSGSEND = YES;
				ENABLE_TESTABILITY = YES;
				GCC_C_LANGUAGE_STANDARD = gnu11;
				GCC_DYNAMIC_NO_PIC = NO;
				GCC_NO_COMMON_BLOCKS = YES;
				GCC_OPTIMIZATION_LEVEL = 0;
				GCC_PREPROCESSOR_DEFINITIONS = (
					"DEBUG=1",
					"$(inherited)",
				);
				GCC_WARN_64_TO_32_BIT_CONVERSION = YES;
				GCC_WARN_ABOUT_RETURN_TYPE = YES_ERROR;
				GCC_WARN_UNDECLARED_SELECTOR = YES;
				GCC_WARN_UNINITIALIZED_AUTOS = YES_AGGRESSIVE;
				GCC_WARN_UNUSED_FUNCTION = YES;
				GCC_WARN_UNUSED_VARIABLE = YES;
				IPHONEOS_DEPLOYMENT_TARGET = 12.2;
				MTL_ENABLE_DEBUG_INFO = INCLUDE_SOURCE;
				MTL_FAST_MATH = YES;
				ONLY_ACTIVE_ARCH = YES;
				SDKROOT = iphoneos;
				SWIFT_ACTIVE_COMPILATION_CONDITIONS = DEBUG;
				SWIFT_OPTIMIZATION_LEVEL = "-Onone";
			};
			name = Debug;
		};
		793E0C7F22C0843900B8BE93 /* Release */ = {
			isa = XCBuildConfiguration;
			buildSettings = {
				ALWAYS_SEARCH_USER_PATHS = NO;
				CLANG_ANALYZER_NONNULL = YES;
				CLANG_ANALYZER_NUMBER_OBJECT_CONVERSION = YES_AGGRESSIVE;
				CLANG_CXX_LANGUAGE_STANDARD = "gnu++14";
				CLANG_CXX_LIBRARY = "libc++";
				CLANG_ENABLE_MODULES = YES;
				CLANG_ENABLE_OBJC_ARC = YES;
				CLANG_ENABLE_OBJC_WEAK = YES;
				CLANG_WARN_BLOCK_CAPTURE_AUTORELEASING = YES;
				CLANG_WARN_BOOL_CONVERSION = YES;
				CLANG_WARN_COMMA = YES;
				CLANG_WARN_CONSTANT_CONVERSION = YES;
				CLANG_WARN_DEPRECATED_OBJC_IMPLEMENTATIONS = YES;
				CLANG_WARN_DIRECT_OBJC_ISA_USAGE = YES_ERROR;
				CLANG_WARN_DOCUMENTATION_COMMENTS = YES;
				CLANG_WARN_EMPTY_BODY = YES;
				CLANG_WARN_ENUM_CONVERSION = YES;
				CLANG_WARN_INFINITE_RECURSION = YES;
				CLANG_WARN_INT_CONVERSION = YES;
				CLANG_WARN_NON_LITERAL_NULL_CONVERSION = YES;
				CLANG_WARN_OBJC_IMPLICIT_RETAIN_SELF = YES;
				CLANG_WARN_OBJC_LITERAL_CONVERSION = YES;
				CLANG_WARN_OBJC_ROOT_CLASS = YES_ERROR;
				CLANG_WARN_RANGE_LOOP_ANALYSIS = YES;
				CLANG_WARN_STRICT_PROTOTYPES = YES;
				CLANG_WARN_SUSPICIOUS_MOVE = YES;
				CLANG_WARN_UNGUARDED_AVAILABILITY = YES_AGGRESSIVE;
				CLANG_WARN_UNREACHABLE_CODE = YES;
				CLANG_WARN__DUPLICATE_METHOD_MATCH = YES;
				CODE_SIGN_IDENTITY = "iPhone Developer";
				COPY_PHASE_STRIP = NO;
				DEBUG_INFORMATION_FORMAT = "dwarf-with-dsym";
				ENABLE_NS_ASSERTIONS = NO;
				ENABLE_STRICT_OBJC_MSGSEND = YES;
				GCC_C_LANGUAGE_STANDARD = gnu11;
				GCC_NO_COMMON_BLOCKS = YES;
				GCC_WARN_64_TO_32_BIT_CONVERSION = YES;
				GCC_WARN_ABOUT_RETURN_TYPE = YES_ERROR;
				GCC_WARN_UNDECLARED_SELECTOR = YES;
				GCC_WARN_UNINITIALIZED_AUTOS = YES_AGGRESSIVE;
				GCC_WARN_UNUSED_FUNCTION = YES;
				GCC_WARN_UNUSED_VARIABLE = YES;
				IPHONEOS_DEPLOYMENT_TARGET = 12.2;
				MTL_ENABLE_DEBUG_INFO = NO;
				MTL_FAST_MATH = YES;
				SDKROOT = iphoneos;
				SWIFT_COMPILATION_MODE = wholemodule;
				SWIFT_OPTIMIZATION_LEVEL = "-O";
				VALIDATE_PRODUCT = YES;
			};
			name = Release;
		};
		793E0C8122C0843900B8BE93 /* Debug */ = {
			isa = XCBuildConfiguration;
			baseConfigurationReference = 3DE0B2236B9956ACDCE1854A /* Pods-ReactorKitPractice.debug.xcconfig */;
			buildSettings = {
				ASSETCATALOG_COMPILER_APPICON_NAME = AppIcon;
				CODE_SIGN_STYLE = Automatic;
				DEVELOPMENT_TEAM = K2G8UU4QYX;
				INFOPLIST_FILE = ReactorKitPractice/Info.plist;
				LD_RUNPATH_SEARCH_PATHS = (
					"$(inherited)",
					"@executable_path/Frameworks",
				);
				PRODUCT_BUNDLE_IDENTIFIER = com.richard.ReactorKitPractice;
				PRODUCT_NAME = "$(TARGET_NAME)";
				SWIFT_VERSION = 5.0;
				TARGETED_DEVICE_FAMILY = "1,2";
			};
			name = Debug;
		};
		793E0C8222C0843900B8BE93 /* Release */ = {
			isa = XCBuildConfiguration;
			baseConfigurationReference = 388002453AACCFE863BA355B /* Pods-ReactorKitPractice.release.xcconfig */;
			buildSettings = {
				ASSETCATALOG_COMPILER_APPICON_NAME = AppIcon;
				CODE_SIGN_STYLE = Automatic;
				DEVELOPMENT_TEAM = K2G8UU4QYX;
				INFOPLIST_FILE = ReactorKitPractice/Info.plist;
				LD_RUNPATH_SEARCH_PATHS = (
					"$(inherited)",
					"@executable_path/Frameworks",
				);
				PRODUCT_BUNDLE_IDENTIFIER = com.richard.ReactorKitPractice;
				PRODUCT_NAME = "$(TARGET_NAME)";
				SWIFT_VERSION = 5.0;
				TARGETED_DEVICE_FAMILY = "1,2";
			};
			name = Release;
		};
/* End XCBuildConfiguration section */

/* Begin XCConfigurationList section */
		793E0C6922C0843800B8BE93 /* Build configuration list for PBXProject "ReactorKitPractice" */ = {
			isa = XCConfigurationList;
			buildConfigurations = (
				793E0C7E22C0843900B8BE93 /* Debug */,
				793E0C7F22C0843900B8BE93 /* Release */,
			);
			defaultConfigurationIsVisible = 0;
			defaultConfigurationName = Release;
		};
		793E0C8022C0843900B8BE93 /* Build configuration list for PBXNativeTarget "ReactorKitPractice" */ = {
			isa = XCConfigurationList;
			buildConfigurations = (
				793E0C8122C0843900B8BE93 /* Debug */,
				793E0C8222C0843900B8BE93 /* Release */,
			);
			defaultConfigurationIsVisible = 0;
			defaultConfigurationName = Release;
		};
/* End XCConfigurationList section */
	};
	rootObject = 793E0C6622C0843800B8BE93 /* Project object */;
}
